
Microsoft Visual Studio Solution File, Format Version 12.00
# Visual Studio 15
VisualStudioVersion = 15.0.27703.2035
MinimumVisualStudioVersion = 10.0.40219.1
Project("{FAE04EC0-301F-11D3-BF4B-00C04F79EFBC}") = "Maps", "Maps\Maps.csproj", "{AD4586A4-9A63-48A7-A52F-63AA6C2BA17E}"
EndProject
Global
	GlobalSection(SolutionConfigurationPlatforms) = preSolution
		Debug|Any CPU = Debug|Any CPU
		Release|Any CPU = Release|Any CPU
	EndGlobalSection
	GlobalSection(ProjectConfigurationPlatforms) = postSolution
		{AD4586A4-9A63-48A7-A52F-63AA6C2BA17E}.Debug|Any CPU.ActiveCfg = Debug|Any CPU
		{AD4586A4-9A63-48A7-A52F-63AA6C2BA17E}.Debug|Any CPU.Build.0 = Debug|Any CPU
		{AD4586A4-9A63-48A7-A52F-63AA6C2BA17E}.Release|Any CPU.ActiveCfg = Release|Any CPU
		{AD4586A4-9A63-48A7-A52F-63AA6C2BA17E}.Release|Any CPU.Build.0 = Release|Any CPU
	EndGlobalSection
	GlobalSection(SolutionProperties) = preSolution
		HideSolutionNode = FALSE
	EndGlobalSection
	GlobalSection(ExtensibilityGlobals) = postSolution
		SolutionGuid = {2279869A-1078-409C-B9A0-87FE81F8089D}
	EndGlobalSection
EndGlobal
